
Microsoft Visual Studio Solution File, Format Version 12.00
# Visual Studio Version 17
VisualStudioVersion = 17.4.33213.308
MinimumVisualStudioVersion = 10.0.40219.1
Project("{9A19103F-16F7-4668-BE54-9A1E7A4F7556}") = "OfficialMathGame", "official-math-game\OfficialMathGame.csproj", "{7AA19B64-B9D1-468F-A5A5-75ED1EA91E36}"
EndProject
Global
	GlobalSection(SolutionConfigurationPlatforms) = preSolution
		Debug|Any CPU = Debug|Any CPU
		Release|Any CPU = Release|Any CPU
	EndGlobalSection
	GlobalSection(ProjectConfigurationPlatforms) = postSolution
		{7AA19B64-B9D1-468F-A5A5-75ED1EA91E36}.Debug|Any CPU.ActiveCfg = Debug|Any CPU
		{7AA19B64-B9D1-468F-A5A5-75ED1EA91E36}.Debug|Any CPU.Build.0 = Debug|Any CPU
		{7AA19B64-B9D1-468F-A5A5-75ED1EA91E36}.Release|Any CPU.ActiveCfg = Release|Any CPU
		{7AA19B64-B9D1-468F-A5A5-75ED1EA91E36}.Release|Any CPU.Build.0 = Release|Any CPU
	EndGlobalSection
	GlobalSection(SolutionProperties) = preSolution
		HideSolutionNode = FALSE
	EndGlobalSection
	GlobalSection(ExtensibilityGlobals) = postSolution
		SolutionGuid = {4894D690-40E0-41BE-A225-077DF04A6E90}
	EndGlobalSection
EndGlobal
